// !$*UTF8*$!
{
	archiveVersion = 1;
	classes = {
	};
	objectVersion = 46;
	objects = {

/* Begin PBXBuildFile section */
		0B60CE081BCC0ED700B26089 /* share.swift in Sources */ = {isa = PBXBuildFile; fileRef = 0B60CE071BCC0ED700B26089 /* share.swift */; };
		0B60CE0E1BCC127F00B26089 /* McUtils.swift in Sources */ = {isa = PBXBuildFile; fileRef = 0B60CE0D1BCC127F00B26089 /* McUtils.swift */; };
		0B60CE2A1BCC134B00B26089 /* UMSocialLocalizable.strings in Resources */ = {isa = PBXBuildFile; fileRef = 0B60CE101BCC134B00B26089 /* UMSocialLocalizable.strings */; };
		0B60CE2B1BCC134B00B26089 /* libUMSocial_Sdk_4.2.5.a in Frameworks */ = {isa = PBXBuildFile; fileRef = 0B60CE1E1BCC134B00B26089 /* libUMSocial_Sdk_4.2.5.a */; };
		0B60CE2C1BCC134B00B26089 /* UMSCommentDetailController.xib in Resources */ = {isa = PBXBuildFile; fileRef = 0B60CE201BCC134B00B26089 /* UMSCommentDetailController.xib */; };
		0B60CE2D1BCC134B00B26089 /* UMSCommentInputController.xib in Resources */ = {isa = PBXBuildFile; fileRef = 0B60CE211BCC134B00B26089 /* UMSCommentInputController.xib */; };
		0B60CE2E1BCC134B00B26089 /* UMSCommentInputControlleriPad.xib in Resources */ = {isa = PBXBuildFile; fileRef = 0B60CE221BCC134B00B26089 /* UMSCommentInputControlleriPad.xib */; };
		0B60CE2F1BCC134B00B26089 /* UMShareEditViewController.xib in Resources */ = {isa = PBXBuildFile; fileRef = 0B60CE231BCC134B00B26089 /* UMShareEditViewController.xib */; };
		0B60CE301BCC134B00B26089 /* UMShareEditViewControlleriPad.xib in Resources */ = {isa = PBXBuildFile; fileRef = 0B60CE241BCC134B00B26089 /* UMShareEditViewControlleriPad.xib */; };
		0B60CE311BCC134B00B26089 /* UMSLoginViewController.xib in Resources */ = {isa = PBXBuildFile; fileRef = 0B60CE251BCC134B00B26089 /* UMSLoginViewController.xib */; };
		0B60CE321BCC134B00B26089 /* UMSnsAccountViewController.xib in Resources */ = {isa = PBXBuildFile; fileRef = 0B60CE261BCC134B00B26089 /* UMSnsAccountViewController.xib */; };
		0B60CE331BCC134B00B26089 /* UMSShareListController.xib in Resources */ = {isa = PBXBuildFile; fileRef = 0B60CE271BCC134B00B26089 /* UMSShareListController.xib */; };
		0B60CE341BCC134B00B26089 /* UMSocialSDKResourcesNew.bundle in Resources */ = {isa = PBXBuildFile; fileRef = 0B60CE281BCC134B00B26089 /* UMSocialSDKResourcesNew.bundle */; };
		0B60CE3A1BCC13C200B26089 /* libSocialQQ.a in Frameworks */ = {isa = PBXBuildFile; fileRef = 0B60CE361BCC13C200B26089 /* libSocialQQ.a */; };
		0B60CE3B1BCC13C200B26089 /* TencentOpenAPI.framework in Frameworks */ = {isa = PBXBuildFile; fileRef = 0B60CE371BCC13C200B26089 /* TencentOpenAPI.framework */; };
		0B60CE3C1BCC13C200B26089 /* TencentOpenApi_IOS_Bundle.bundle in Resources */ = {isa = PBXBuildFile; fileRef = 0B60CE381BCC13C200B26089 /* TencentOpenApi_IOS_Bundle.bundle */; };
		0B60CE3E1BCC13FA00B26089 /* Security.framework in Frameworks */ = {isa = PBXBuildFile; fileRef = 0B60CE3D1BCC13FA00B26089 /* Security.framework */; };
		0B60CE421BCC187A00B26089 /* SystemConfiguration.framework in Frameworks */ = {isa = PBXBuildFile; fileRef = 0B60CE411BCC187A00B26089 /* SystemConfiguration.framework */; };
		0B60CE441BCC188800B26089 /* CoreGraphics.framework in Frameworks */ = {isa = PBXBuildFile; fileRef = 0B60CE431BCC188800B26089 /* CoreGraphics.framework */; };
		0B60CE481BCC18D700B26089 /* CoreTelephony.framework in Frameworks */ = {isa = PBXBuildFile; fileRef = 0B60CE471BCC18D700B26089 /* CoreTelephony.framework */; };
		0B60CE531BCC1AB800B26089 /* libSocialWechat.a in Frameworks */ = {isa = PBXBuildFile; fileRef = 0B60CE4E1BCC1AB800B26089 /* libSocialWechat.a */; };
		0B60CE541BCC1AB800B26089 /* libWeChatSDK.a in Frameworks */ = {isa = PBXBuildFile; fileRef = 0B60CE4F1BCC1AB800B26089 /* libWeChatSDK.a */; };
		0B60CE561BCC1D5400B26089 /* ShareUtil.swift in Sources */ = {isa = PBXBuildFile; fileRef = 0B60CE551BCC1D5400B26089 /* ShareUtil.swift */; };
		0B60CE581BCCA33400B26089 /* libz.tbd in Frameworks */ = {isa = PBXBuildFile; fileRef = 0B60CE571BCCA33300B26089 /* libz.tbd */; };
		0B60CE5A1BCCA34E00B26089 /* libiconv.tbd in Frameworks */ = {isa = PBXBuildFile; fileRef = 0B60CE591BCCA34E00B26089 /* libiconv.tbd */; };
		0B60CE5C1BCCA38E00B26089 /* libstdc++.tbd in Frameworks */ = {isa = PBXBuildFile; fileRef = 0B60CE5B1BCCA38E00B26089 /* libstdc++.tbd */; };
		0B60CE5F1BCCA5D600B26089 /* libMobClickLibrary.a in Frameworks */ = {isa = PBXBuildFile; fileRef = 0B60CE5D1BCCA5D600B26089 /* libMobClickLibrary.a */; };
		0B806ABF1BD76AF5006B280C /* LoginViewController.swift in Sources */ = {isa = PBXBuildFile; fileRef = 0B806ABE1BD76AF5006B280C /* LoginViewController.swift */; };
		0B806AC11BD76F7F006B280C /* SwiftyUserDefaults.swift in Sources */ = {isa = PBXBuildFile; fileRef = 0B806AC01BD76F7F006B280C /* SwiftyUserDefaults.swift */; };
		E6597C701BE1FE6D00EE1B4D /* Player.swift in Sources */ = {isa = PBXBuildFile; fileRef = E6597C6F1BE1FE6D00EE1B4D /* Player.swift */; };
		E6597C741BE1FEBD00EE1B4D /* background.mp3 in Resources */ = {isa = PBXBuildFile; fileRef = E6597C721BE1FEBD00EE1B4D /* background.mp3 */; };
		E6597C751BE1FEBD00EE1B4D /* right.mp3 in Resources */ = {isa = PBXBuildFile; fileRef = E6597C731BE1FEBD00EE1B4D /* right.mp3 */; };
		E6597C771BE1FEE800EE1B4D /* error.mp3 in Resources */ = {isa = PBXBuildFile; fileRef = E6597C761BE1FEE800EE1B4D /* error.mp3 */; };
		E67E03E51BC6C46D002058DF /* contributionListController.swift in Sources */ = {isa = PBXBuildFile; fileRef = E67E03E41BC6C46D002058DF /* contributionListController.swift */; };
		E68962981BC613A300548875 /* AppDelegate.swift in Sources */ = {isa = PBXBuildFile; fileRef = E68962971BC613A300548875 /* AppDelegate.swift */; };
		E689629A1BC613A300548875 /* ViewController.swift in Sources */ = {isa = PBXBuildFile; fileRef = E68962991BC613A300548875 /* ViewController.swift */; };
		E689629D1BC613A300548875 /* Main.storyboard in Resources */ = {isa = PBXBuildFile; fileRef = E689629B1BC613A300548875 /* Main.storyboard */; };
		E689629F1BC613A300548875 /* Assets.xcassets in Resources */ = {isa = PBXBuildFile; fileRef = E689629E1BC613A300548875 /* Assets.xcassets */; };
		E68962A21BC613A300548875 /* LaunchScreen.storyboard in Resources */ = {isa = PBXBuildFile; fileRef = E68962A01BC613A300548875 /* LaunchScreen.storyboard */; };
		E68962AD1BC613A300548875 /* mcwaTests.swift in Sources */ = {isa = PBXBuildFile; fileRef = E68962AC1BC613A300548875 /* mcwaTests.swift */; };
		E68962B81BC613A400548875 /* mcwaUITests.swift in Sources */ = {isa = PBXBuildFile; fileRef = E68962B71BC613A400548875 /* mcwaUITests.swift */; };
		E68962CA1BC65B4300548875 /* SwiftColors.swift in Sources */ = {isa = PBXBuildFile; fileRef = E68962C91BC65B4300548875 /* SwiftColors.swift */; };
		E68D4B6B1BD5EF4500FC8FDF /* sourceViewController.swift in Sources */ = {isa = PBXBuildFile; fileRef = E68D4B6A1BD5EF4500FC8FDF /* sourceViewController.swift */; };
		E68D4B6D1BD7486400FC8FDF /* rankinglistCell.swift in Sources */ = {isa = PBXBuildFile; fileRef = E68D4B6C1BD7486400FC8FDF /* rankinglistCell.swift */; };
		E68D4B6F1BD7DCCF00FC8FDF /* contributionListCell.swift in Sources */ = {isa = PBXBuildFile; fileRef = E68D4B6E1BD7DCCF00FC8FDF /* contributionListCell.swift */; };
		E6CFE3001BCE56C300657F36 /* readyViewController.swift in Sources */ = {isa = PBXBuildFile; fileRef = E6CFE2FF1BCE56C300657F36 /* readyViewController.swift */; };
		E6DFB3521BD7EA1500FBEAAC /* mineViewController.swift in Sources */ = {isa = PBXBuildFile; fileRef = E6DFB3511BD7EA1500FBEAAC /* mineViewController.swift */; };
		E6E32BD71BC81EE9007D04C2 /* rankinglistController.swift in Sources */ = {isa = PBXBuildFile; fileRef = E6E32BD61BC81EE9007D04C2 /* rankinglistController.swift */; };
		E6EBB3691BD0A70100E90C3B /* SwiftyTimer.swift in Sources */ = {isa = PBXBuildFile; fileRef = E6EBB3681BD0A70100E90C3B /* SwiftyTimer.swift */; };
		E6EBB36B1BD4EE2300E90C3B /* libsqlite3.tbd in Frameworks */ = {isa = PBXBuildFile; fileRef = E6EBB36A1BD4EE2300E90C3B /* libsqlite3.tbd */; };
		E6EBB36D1BD4EF6000E90C3B /*  addQuestionController.swift in Sources */ = {isa = PBXBuildFile; fileRef = E6EBB36C1BD4EF6000E90C3B /*  addQuestionController.swift */; };
		E6F8FC0E1BCEC113001ADE37 /* doWorkViewController.swift in Sources */ = {isa = PBXBuildFile; fileRef = E6F8FC0D1BCEC113001ADE37 /* doWorkViewController.swift */; };
		E6F8FCDC1BCF5F3E001ADE37 /* SwiftyJSON.swift in Sources */ = {isa = PBXBuildFile; fileRef = E6F8FCDB1BCF5F3E001ADE37 /* SwiftyJSON.swift */; };
		FBA0064B62B6B48BFE4C5C0F /* libPods.a in Frameworks */ = {isa = PBXBuildFile; fileRef = 2764C8C3690247D33931EAD4 /* libPods.a */; };
/* End PBXBuildFile section */

/* Begin PBXContainerItemProxy section */
		E68962A91BC613A300548875 /* PBXContainerItemProxy */ = {
			isa = PBXContainerItemProxy;
			containerPortal = E689628C1BC613A300548875 /* Project object */;
			proxyType = 1;
			remoteGlobalIDString = E68962931BC613A300548875;
			remoteInfo = mcwa;
		};
		E68962B41BC613A400548875 /* PBXContainerItemProxy */ = {
			isa = PBXContainerItemProxy;
			containerPortal = E689628C1BC613A300548875 /* Project object */;
			proxyType = 1;
			remoteGlobalIDString = E68962931BC613A300548875;
			remoteInfo = mcwa;
		};
/* End PBXContainerItemProxy section */

/* Begin PBXFileReference section */
		0B60CE071BCC0ED700B26089 /* share.swift */ = {isa = PBXFileReference; fileEncoding = 4; lastKnownFileType = sourcecode.swift; path = share.swift; sourceTree = "<group>"; };
		0B60CE091BCC11B200B26089 /* mcwa-Bridging-Header.h */ = {isa = PBXFileReference; lastKnownFileType = sourcecode.c.h; path = "mcwa-Bridging-Header.h"; sourceTree = "<group>"; };
		0B60CE0D1BCC127F00B26089 /* McUtils.swift */ = {isa = PBXFileReference; fileEncoding = 4; lastKnownFileType = sourcecode.swift; path = McUtils.swift; sourceTree = "<group>"; };
		0B60CE111BCC134B00B26089 /* en */ = {isa = PBXFileReference; lastKnownFileType = text.plist.strings; name = en; path = en.lproj/UMSocialLocalizable.strings; sourceTree = "<group>"; };
		0B60CE131BCC134B00B26089 /* UMSocial.h */ = {isa = PBXFileReference; fileEncoding = 4; lastKnownFileType = sourcecode.c.h; path = UMSocial.h; sourceTree = "<group>"; };
		0B60CE141BCC134B00B26089 /* UMSocialAccountManager.h */ = {isa = PBXFileReference; fileEncoding = 4; lastKnownFileType = sourcecode.c.h; path = UMSocialAccountManager.h; sourceTree = "<group>"; };
		0B60CE151BCC134B00B26089 /* UMSocialBar.h */ = {isa = PBXFileReference; fileEncoding = 4; lastKnownFileType = sourcecode.c.h; path = UMSocialBar.h; sourceTree = "<group>"; };
		0B60CE161BCC134B00B26089 /* UMSocialConfig.h */ = {isa = PBXFileReference; fileEncoding = 4; lastKnownFileType = sourcecode.c.h; path = UMSocialConfig.h; sourceTree = "<group>"; };
		0B60CE171BCC134B00B26089 /* UMSocialControllerService.h */ = {isa = PBXFileReference; fileEncoding = 4; lastKnownFileType = sourcecode.c.h; path = UMSocialControllerService.h; sourceTree = "<group>"; };
		0B60CE181BCC134B00B26089 /* UMSocialControllerServiceComment.h */ = {isa = PBXFileReference; fileEncoding = 4; lastKnownFileType = sourcecode.c.h; path = UMSocialControllerServiceComment.h; sourceTree = "<group>"; };
		0B60CE191BCC134B00B26089 /* UMSocialData.h */ = {isa = PBXFileReference; fileEncoding = 4; lastKnownFileType = sourcecode.c.h; path = UMSocialData.h; sourceTree = "<group>"; };
		0B60CE1A1BCC134B00B26089 /* UMSocialDataService.h */ = {isa = PBXFileReference; fileEncoding = 4; lastKnownFileType = sourcecode.c.h; path = UMSocialDataService.h; sourceTree = "<group>"; };
		0B60CE1B1BCC134B00B26089 /* UMSocialSnsData.h */ = {isa = PBXFileReference; fileEncoding = 4; lastKnownFileType = sourcecode.c.h; path = UMSocialSnsData.h; sourceTree = "<group>"; };
		0B60CE1C1BCC134B00B26089 /* UMSocialSnsPlatformManager.h */ = {isa = PBXFileReference; fileEncoding = 4; lastKnownFileType = sourcecode.c.h; path = UMSocialSnsPlatformManager.h; sourceTree = "<group>"; };
		0B60CE1D1BCC134B00B26089 /* UMSocialSnsService.h */ = {isa = PBXFileReference; fileEncoding = 4; lastKnownFileType = sourcecode.c.h; path = UMSocialSnsService.h; sourceTree = "<group>"; };
		0B60CE1E1BCC134B00B26089 /* libUMSocial_Sdk_4.2.5.a */ = {isa = PBXFileReference; lastKnownFileType = archive.ar; path = libUMSocial_Sdk_4.2.5.a; sourceTree = "<group>"; };
		0B60CE201BCC134B00B26089 /* UMSCommentDetailController.xib */ = {isa = PBXFileReference; fileEncoding = 4; lastKnownFileType = file.xib; path = UMSCommentDetailController.xib; sourceTree = "<group>"; };
		0B60CE211BCC134B00B26089 /* UMSCommentInputController.xib */ = {isa = PBXFileReference; fileEncoding = 4; lastKnownFileType = file.xib; path = UMSCommentInputController.xib; sourceTree = "<group>"; };
		0B60CE221BCC134B00B26089 /* UMSCommentInputControlleriPad.xib */ = {isa = PBXFileReference; fileEncoding = 4; lastKnownFileType = file.xib; path = UMSCommentInputControlleriPad.xib; sourceTree = "<group>"; };
		0B60CE231BCC134B00B26089 /* UMShareEditViewController.xib */ = {isa = PBXFileReference; fileEncoding = 4; lastKnownFileType = file.xib; path = UMShareEditViewController.xib; sourceTree = "<group>"; };
		0B60CE241BCC134B00B26089 /* UMShareEditViewControlleriPad.xib */ = {isa = PBXFileReference; fileEncoding = 4; lastKnownFileType = file.xib; path = UMShareEditViewControlleriPad.xib; sourceTree = "<group>"; };
		0B60CE251BCC134B00B26089 /* UMSLoginViewController.xib */ = {isa = PBXFileReference; fileEncoding = 4; lastKnownFileType = file.xib; path = UMSLoginViewController.xib; sourceTree = "<group>"; };
		0B60CE261BCC134B00B26089 /* UMSnsAccountViewController.xib */ = {isa = PBXFileReference; fileEncoding = 4; lastKnownFileType = file.xib; path = UMSnsAccountViewController.xib; sourceTree = "<group>"; };
		0B60CE271BCC134B00B26089 /* UMSShareListController.xib */ = {isa = PBXFileReference; fileEncoding = 4; lastKnownFileType = file.xib; path = UMSShareListController.xib; sourceTree = "<group>"; };
		0B60CE281BCC134B00B26089 /* UMSocialSDKResourcesNew.bundle */ = {isa = PBXFileReference; lastKnownFileType = "wrapper.plug-in"; path = UMSocialSDKResourcesNew.bundle; sourceTree = "<group>"; };
		0B60CE291BCC134B00B26089 /* zh-Hans */ = {isa = PBXFileReference; lastKnownFileType = text.plist.strings; name = "zh-Hans"; path = "zh-Hans.lproj/UMSocialLocalizable.strings"; sourceTree = "<group>"; };
		0B60CE361BCC13C200B26089 /* libSocialQQ.a */ = {isa = PBXFileReference; lastKnownFileType = archive.ar; path = libSocialQQ.a; sourceTree = "<group>"; };
		0B60CE371BCC13C200B26089 /* TencentOpenAPI.framework */ = {isa = PBXFileReference; lastKnownFileType = wrapper.framework; path = TencentOpenAPI.framework; sourceTree = "<group>"; };
		0B60CE381BCC13C200B26089 /* TencentOpenApi_IOS_Bundle.bundle */ = {isa = PBXFileReference; lastKnownFileType = "wrapper.plug-in"; path = TencentOpenApi_IOS_Bundle.bundle; sourceTree = "<group>"; };
		0B60CE391BCC13C200B26089 /* UMSocialQQHandler.h */ = {isa = PBXFileReference; fileEncoding = 4; lastKnownFileType = sourcecode.c.h; path = UMSocialQQHandler.h; sourceTree = "<group>"; };
		0B60CE3D1BCC13FA00B26089 /* Security.framework */ = {isa = PBXFileReference; lastKnownFileType = wrapper.framework; name = Security.framework; path = System/Library/Frameworks/Security.framework; sourceTree = SDKROOT; };
		0B60CE411BCC187A00B26089 /* SystemConfiguration.framework */ = {isa = PBXFileReference; lastKnownFileType = wrapper.framework; name = SystemConfiguration.framework; path = System/Library/Frameworks/SystemConfiguration.framework; sourceTree = SDKROOT; };
		0B60CE431BCC188800B26089 /* CoreGraphics.framework */ = {isa = PBXFileReference; lastKnownFileType = wrapper.framework; name = CoreGraphics.framework; path = System/Library/Frameworks/CoreGraphics.framework; sourceTree = SDKROOT; };
		0B60CE471BCC18D700B26089 /* CoreTelephony.framework */ = {isa = PBXFileReference; lastKnownFileType = wrapper.framework; name = CoreTelephony.framework; path = System/Library/Frameworks/CoreTelephony.framework; sourceTree = SDKROOT; };
		0B60CE4E1BCC1AB800B26089 /* libSocialWechat.a */ = {isa = PBXFileReference; lastKnownFileType = archive.ar; path = libSocialWechat.a; sourceTree = "<group>"; };
		0B60CE4F1BCC1AB800B26089 /* libWeChatSDK.a */ = {isa = PBXFileReference; lastKnownFileType = archive.ar; path = libWeChatSDK.a; sourceTree = "<group>"; };
		0B60CE501BCC1AB800B26089 /* UMSocialWechatHandler.h */ = {isa = PBXFileReference; fileEncoding = 4; lastKnownFileType = sourcecode.c.h; path = UMSocialWechatHandler.h; sourceTree = "<group>"; };
		0B60CE511BCC1AB800B26089 /* WXApi.h */ = {isa = PBXFileReference; fileEncoding = 4; lastKnownFileType = sourcecode.c.h; path = WXApi.h; sourceTree = "<group>"; };
		0B60CE521BCC1AB800B26089 /* WXApiObject.h */ = {isa = PBXFileReference; fileEncoding = 4; lastKnownFileType = sourcecode.c.h; path = WXApiObject.h; sourceTree = "<group>"; };
		0B60CE551BCC1D5400B26089 /* ShareUtil.swift */ = {isa = PBXFileReference; fileEncoding = 4; lastKnownFileType = sourcecode.swift; path = ShareUtil.swift; sourceTree = "<group>"; };
		0B60CE571BCCA33300B26089 /* libz.tbd */ = {isa = PBXFileReference; lastKnownFileType = "sourcecode.text-based-dylib-definition"; name = libz.tbd; path = usr/lib/libz.tbd; sourceTree = SDKROOT; };
		0B60CE591BCCA34E00B26089 /* libiconv.tbd */ = {isa = PBXFileReference; lastKnownFileType = "sourcecode.text-based-dylib-definition"; name = libiconv.tbd; path = usr/lib/libiconv.tbd; sourceTree = SDKROOT; };
		0B60CE5B1BCCA38E00B26089 /* libstdc++.tbd */ = {isa = PBXFileReference; lastKnownFileType = "sourcecode.text-based-dylib-definition"; name = "libstdc++.tbd"; path = "usr/lib/libstdc++.tbd"; sourceTree = SDKROOT; };
		0B60CE5D1BCCA5D600B26089 /* libMobClickLibrary.a */ = {isa = PBXFileReference; lastKnownFileType = archive.ar; path = libMobClickLibrary.a; sourceTree = "<group>"; };
		0B60CE5E1BCCA5D600B26089 /* MobClick.h */ = {isa = PBXFileReference; fileEncoding = 4; lastKnownFileType = sourcecode.c.h; path = MobClick.h; sourceTree = "<group>"; };
		0B806ABE1BD76AF5006B280C /* LoginViewController.swift */ = {isa = PBXFileReference; fileEncoding = 4; lastKnownFileType = sourcecode.swift; path = LoginViewController.swift; sourceTree = "<group>"; };
		0B806AC01BD76F7F006B280C /* SwiftyUserDefaults.swift */ = {isa = PBXFileReference; fileEncoding = 4; lastKnownFileType = sourcecode.swift; path = SwiftyUserDefaults.swift; sourceTree = "<group>"; };
		2764C8C3690247D33931EAD4 /* libPods.a */ = {isa = PBXFileReference; explicitFileType = archive.ar; includeInIndex = 0; path = libPods.a; sourceTree = BUILT_PRODUCTS_DIR; };
		2D80F592DCAE4E563E5BC4FB /* Pods.debug.xcconfig */ = {isa = PBXFileReference; includeInIndex = 1; lastKnownFileType = text.xcconfig; name = Pods.debug.xcconfig; path = "Pods/Target Support Files/Pods/Pods.debug.xcconfig"; sourceTree = "<group>"; };
		841A6C177989C191E2481B5C /* libPods-mcwa.a */ = {isa = PBXFileReference; explicitFileType = archive.ar; includeInIndex = 0; path = "libPods-mcwa.a"; sourceTree = BUILT_PRODUCTS_DIR; };
		E0FCB9F095E671DDC8FF847C /* Pods.release.xcconfig */ = {isa = PBXFileReference; includeInIndex = 1; lastKnownFileType = text.xcconfig; name = Pods.release.xcconfig; path = "Pods/Target Support Files/Pods/Pods.release.xcconfig"; sourceTree = "<group>"; };
		E6597C6F1BE1FE6D00EE1B4D /* Player.swift */ = {isa = PBXFileReference; fileEncoding = 4; lastKnownFileType = sourcecode.swift; path = Player.swift; sourceTree = "<group>"; };
		E6597C721BE1FEBD00EE1B4D /* background.mp3 */ = {isa = PBXFileReference; lastKnownFileType = audio.mp3; path = background.mp3; sourceTree = "<group>"; };
		E6597C731BE1FEBD00EE1B4D /* right.mp3 */ = {isa = PBXFileReference; lastKnownFileType = audio.mp3; path = right.mp3; sourceTree = "<group>"; };
		E6597C761BE1FEE800EE1B4D /* error.mp3 */ = {isa = PBXFileReference; lastKnownFileType = audio.mp3; path = error.mp3; sourceTree = "<group>"; };
		E67E03E41BC6C46D002058DF /* contributionListController.swift */ = {isa = PBXFileReference; fileEncoding = 4; lastKnownFileType = sourcecode.swift; path = contributionListController.swift; sourceTree = "<group>"; };
		E68962941BC613A300548875 /* mcwa.app */ = {isa = PBXFileReference; explicitFileType = wrapper.application; includeInIndex = 0; path = mcwa.app; sourceTree = BUILT_PRODUCTS_DIR; };
		E68962971BC613A300548875 /* AppDelegate.swift */ = {isa = PBXFileReference; lastKnownFileType = sourcecode.swift; path = AppDelegate.swift; sourceTree = "<group>"; };
		E68962991BC613A300548875 /* ViewController.swift */ = {isa = PBXFileReference; lastKnownFileType = sourcecode.swift; path = ViewController.swift; sourceTree = "<group>"; };
		E689629C1BC613A300548875 /* Base */ = {isa = PBXFileReference; lastKnownFileType = file.storyboard; name = Base; path = Base.lproj/Main.storyboard; sourceTree = "<group>"; };
		E689629E1BC613A300548875 /* Assets.xcassets */ = {isa = PBXFileReference; lastKnownFileType = folder.assetcatalog; path = Assets.xcassets; sourceTree = "<group>"; };
		E68962A11BC613A300548875 /* Base */ = {isa = PBXFileReference; lastKnownFileType = file.storyboard; name = Base; path = Base.lproj/LaunchScreen.storyboard; sourceTree = "<group>"; };
		E68962A31BC613A300548875 /* Info.plist */ = {isa = PBXFileReference; lastKnownFileType = text.plist.xml; path = Info.plist; sourceTree = "<group>"; };
		E68962A81BC613A300548875 /* mcwaTests.xctest */ = {isa = PBXFileReference; explicitFileType = wrapper.cfbundle; includeInIndex = 0; path = mcwaTests.xctest; sourceTree = BUILT_PRODUCTS_DIR; };
		E68962AC1BC613A300548875 /* mcwaTests.swift */ = {isa = PBXFileReference; lastKnownFileType = sourcecode.swift; path = mcwaTests.swift; sourceTree = "<group>"; };
		E68962AE1BC613A300548875 /* Info.plist */ = {isa = PBXFileReference; lastKnownFileType = text.plist.xml; path = Info.plist; sourceTree = "<group>"; };
		E68962B31BC613A400548875 /* mcwaUITests.xctest */ = {isa = PBXFileReference; explicitFileType = wrapper.cfbundle; includeInIndex = 0; path = mcwaUITests.xctest; sourceTree = BUILT_PRODUCTS_DIR; };
		E68962B71BC613A400548875 /* mcwaUITests.swift */ = {isa = PBXFileReference; lastKnownFileType = sourcecode.swift; path = mcwaUITests.swift; sourceTree = "<group>"; };
		E68962B91BC613A400548875 /* Info.plist */ = {isa = PBXFileReference; lastKnownFileType = text.plist.xml; path = Info.plist; sourceTree = "<group>"; };
		E68962C91BC65B4300548875 /* SwiftColors.swift */ = {isa = PBXFileReference; fileEncoding = 4; lastKnownFileType = sourcecode.swift; path = SwiftColors.swift; sourceTree = "<group>"; };
		E68D4B6A1BD5EF4500FC8FDF /* sourceViewController.swift */ = {isa = PBXFileReference; fileEncoding = 4; lastKnownFileType = sourcecode.swift; path = sourceViewController.swift; sourceTree = "<group>"; };
		E68D4B6C1BD7486400FC8FDF /* rankinglistCell.swift */ = {isa = PBXFileReference; fileEncoding = 4; lastKnownFileType = sourcecode.swift; path = rankinglistCell.swift; sourceTree = "<group>"; };
		E68D4B6E1BD7DCCF00FC8FDF /* contributionListCell.swift */ = {isa = PBXFileReference; fileEncoding = 4; lastKnownFileType = sourcecode.swift; path = contributionListCell.swift; sourceTree = "<group>"; };
		E6CFE2FF1BCE56C300657F36 /* readyViewController.swift */ = {isa = PBXFileReference; fileEncoding = 4; lastKnownFileType = sourcecode.swift; path = readyViewController.swift; sourceTree = "<group>"; };
		E6DFB3511BD7EA1500FBEAAC /* mineViewController.swift */ = {isa = PBXFileReference; fileEncoding = 4; lastKnownFileType = sourcecode.swift; path = mineViewController.swift; sourceTree = "<group>"; };
		E6E32BD61BC81EE9007D04C2 /* rankinglistController.swift */ = {isa = PBXFileReference; fileEncoding = 4; lastKnownFileType = sourcecode.swift; path = rankinglistController.swift; sourceTree = "<group>"; };
		E6EBB3681BD0A70100E90C3B /* SwiftyTimer.swift */ = {isa = PBXFileReference; fileEncoding = 4; lastKnownFileType = sourcecode.swift; path = SwiftyTimer.swift; sourceTree = "<group>"; };
		E6EBB36A1BD4EE2300E90C3B /* libsqlite3.tbd */ = {isa = PBXFileReference; lastKnownFileType = "sourcecode.text-based-dylib-definition"; name = libsqlite3.tbd; path = usr/lib/libsqlite3.tbd; sourceTree = SDKROOT; };
		E6EBB36C1BD4EF6000E90C3B /*  addQuestionController.swift */ = {isa = PBXFileReference; fileEncoding = 4; lastKnownFileType = sourcecode.swift; name = " addQuestionController.swift"; path = "Tools/ addQuestionController.swift"; sourceTree = "<group>"; };
		E6F8FC0D1BCEC113001ADE37 /* doWorkViewController.swift */ = {isa = PBXFileReference; fileEncoding = 4; lastKnownFileType = sourcecode.swift; path = doWorkViewController.swift; sourceTree = "<group>"; };
		E6F8FCDB1BCF5F3E001ADE37 /* SwiftyJSON.swift */ = {isa = PBXFileReference; fileEncoding = 4; lastKnownFileType = sourcecode.swift; path = SwiftyJSON.swift; sourceTree = "<group>"; };
/* End PBXFileReference section */

/* Begin PBXFrameworksBuildPhase section */
		E68962911BC613A300548875 /* Frameworks */ = {
			isa = PBXFrameworksBuildPhase;
			buildActionMask = 2147483647;
			files = (
				E6EBB36B1BD4EE2300E90C3B /* libsqlite3.tbd in Frameworks */,
				0B60CE5C1BCCA38E00B26089 /* libstdc++.tbd in Frameworks */,
				0B60CE5A1BCCA34E00B26089 /* libiconv.tbd in Frameworks */,
				0B60CE581BCCA33400B26089 /* libz.tbd in Frameworks */,
				0B60CE481BCC18D700B26089 /* CoreTelephony.framework in Frameworks */,
				0B60CE5F1BCCA5D600B26089 /* libMobClickLibrary.a in Frameworks */,
				0B60CE541BCC1AB800B26089 /* libWeChatSDK.a in Frameworks */,
				0B60CE441BCC188800B26089 /* CoreGraphics.framework in Frameworks */,
				0B60CE421BCC187A00B26089 /* SystemConfiguration.framework in Frameworks */,
				0B60CE3E1BCC13FA00B26089 /* Security.framework in Frameworks */,
				0B60CE3A1BCC13C200B26089 /* libSocialQQ.a in Frameworks */,
				0B60CE3B1BCC13C200B26089 /* TencentOpenAPI.framework in Frameworks */,
				0B60CE531BCC1AB800B26089 /* libSocialWechat.a in Frameworks */,
				0B60CE2B1BCC134B00B26089 /* libUMSocial_Sdk_4.2.5.a in Frameworks */,
				FBA0064B62B6B48BFE4C5C0F /* libPods.a in Frameworks */,
			);
			runOnlyForDeploymentPostprocessing = 0;
		};
		E68962A51BC613A300548875 /* Frameworks */ = {
			isa = PBXFrameworksBuildPhase;
			buildActionMask = 2147483647;
			files = (
			);
			runOnlyForDeploymentPostprocessing = 0;
		};
		E68962B01BC613A400548875 /* Frameworks */ = {
			isa = PBXFrameworksBuildPhase;
			buildActionMask = 2147483647;
			files = (
			);
			runOnlyForDeploymentPostprocessing = 0;
		};
/* End PBXFrameworksBuildPhase section */

/* Begin PBXGroup section */
		0B60CE0F1BCC134B00B26089 /* UMSocial_Sdk_4.2.5 */ = {
			isa = PBXGroup;
			children = (
				0B60CE101BCC134B00B26089 /* UMSocialLocalizable.strings */,
				0B60CE121BCC134B00B26089 /* Header */,
				0B60CE1E1BCC134B00B26089 /* libUMSocial_Sdk_4.2.5.a */,
				0B60CE1F1BCC134B00B26089 /* SocialSDKXib */,
				0B60CE281BCC134B00B26089 /* UMSocialSDKResourcesNew.bundle */,
			);
			path = UMSocial_Sdk_4.2.5;
			sourceTree = "<group>";
		};
		0B60CE121BCC134B00B26089 /* Header */ = {
			isa = PBXGroup;
			children = (
				0B60CE131BCC134B00B26089 /* UMSocial.h */,
				0B60CE141BCC134B00B26089 /* UMSocialAccountManager.h */,
				0B60CE151BCC134B00B26089 /* UMSocialBar.h */,
				0B60CE161BCC134B00B26089 /* UMSocialConfig.h */,
				0B60CE171BCC134B00B26089 /* UMSocialControllerService.h */,
				0B60CE181BCC134B00B26089 /* UMSocialControllerServiceComment.h */,
				0B60CE191BCC134B00B26089 /* UMSocialData.h */,
				0B60CE1A1BCC134B00B26089 /* UMSocialDataService.h */,
				0B60CE1B1BCC134B00B26089 /* UMSocialSnsData.h */,
				0B60CE1C1BCC134B00B26089 /* UMSocialSnsPlatformManager.h */,
				0B60CE1D1BCC134B00B26089 /* UMSocialSnsService.h */,
			);
			path = Header;
			sourceTree = "<group>";
		};
		0B60CE1F1BCC134B00B26089 /* SocialSDKXib */ = {
			isa = PBXGroup;
			children = (
				0B60CE201BCC134B00B26089 /* UMSCommentDetailController.xib */,
				0B60CE211BCC134B00B26089 /* UMSCommentInputController.xib */,
				0B60CE221BCC134B00B26089 /* UMSCommentInputControlleriPad.xib */,
				0B60CE231BCC134B00B26089 /* UMShareEditViewController.xib */,
				0B60CE241BCC134B00B26089 /* UMShareEditViewControlleriPad.xib */,
				0B60CE251BCC134B00B26089 /* UMSLoginViewController.xib */,
				0B60CE261BCC134B00B26089 /* UMSnsAccountViewController.xib */,
				0B60CE271BCC134B00B26089 /* UMSShareListController.xib */,
			);
			path = SocialSDKXib;
			sourceTree = "<group>";
		};
		0B60CE351BCC13C200B26089 /* TencentOpenAPI */ = {
			isa = PBXGroup;
			children = (
				0B60CE361BCC13C200B26089 /* libSocialQQ.a */,
				0B60CE371BCC13C200B26089 /* TencentOpenAPI.framework */,
				0B60CE381BCC13C200B26089 /* TencentOpenApi_IOS_Bundle.bundle */,
				0B60CE391BCC13C200B26089 /* UMSocialQQHandler.h */,
			);
			path = TencentOpenAPI;
			sourceTree = "<group>";
		};
		0B60CE4D1BCC1AB800B26089 /* Wechat */ = {
			isa = PBXGroup;
			children = (
				0B60CE4E1BCC1AB800B26089 /* libSocialWechat.a */,
				0B60CE4F1BCC1AB800B26089 /* libWeChatSDK.a */,
				0B60CE501BCC1AB800B26089 /* UMSocialWechatHandler.h */,
				0B60CE511BCC1AB800B26089 /* WXApi.h */,
				0B60CE521BCC1AB800B26089 /* WXApiObject.h */,
			);
			path = Wechat;
			sourceTree = "<group>";
		};
		177A8160BD584F99A44B8805 /* Frameworks */ = {
			isa = PBXGroup;
			children = (
				E6EBB36A1BD4EE2300E90C3B /* libsqlite3.tbd */,
				841A6C177989C191E2481B5C /* libPods-mcwa.a */,
				2764C8C3690247D33931EAD4 /* libPods.a */,
			);
			name = Frameworks;
			sourceTree = "<group>";
		};
		7DD1616E3CC7D56A7E2C3E09 /* Pods */ = {
			isa = PBXGroup;
			children = (
				2D80F592DCAE4E563E5BC4FB /* Pods.debug.xcconfig */,
				E0FCB9F095E671DDC8FF847C /* Pods.release.xcconfig */,
			);
			name = Pods;
			sourceTree = "<group>";
		};
		E6597C711BE1FEBD00EE1B4D /* mp3 */ = {
			isa = PBXGroup;
			children = (
				E6597C721BE1FEBD00EE1B4D /* background.mp3 */,
				E6597C761BE1FEE800EE1B4D /* error.mp3 */,
				E6597C731BE1FEBD00EE1B4D /* right.mp3 */,
			);
			path = mp3;
			sourceTree = "<group>";
		};
		E689628B1BC613A300548875 = {
			isa = PBXGroup;
			children = (
				0B60CE5B1BCCA38E00B26089 /* libstdc++.tbd */,
				0B60CE591BCCA34E00B26089 /* libiconv.tbd */,
				0B60CE571BCCA33300B26089 /* libz.tbd */,
				0B60CE471BCC18D700B26089 /* CoreTelephony.framework */,
				0B60CE431BCC188800B26089 /* CoreGraphics.framework */,
				0B60CE411BCC187A00B26089 /* SystemConfiguration.framework */,
				0B60CE3D1BCC13FA00B26089 /* Security.framework */,
				E68962961BC613A300548875 /* mcwa */,
				E68962AB1BC613A300548875 /* mcwaTests */,
				E68962B61BC613A400548875 /* mcwaUITests */,
				E68962951BC613A300548875 /* Products */,
				7DD1616E3CC7D56A7E2C3E09 /* Pods */,
				177A8160BD584F99A44B8805 /* Frameworks */,
			);
			sourceTree = "<group>";
		};
		E68962951BC613A300548875 /* Products */ = {
			isa = PBXGroup;
			children = (
				E68962941BC613A300548875 /* mcwa.app */,
				E68962A81BC613A300548875 /* mcwaTests.xctest */,
				E68962B31BC613A400548875 /* mcwaUITests.xctest */,
			);
			name = Products;
			sourceTree = "<group>";
		};
		E68962961BC613A300548875 /* mcwa */ = {
			isa = PBXGroup;
			children = (
				E6597C711BE1FEBD00EE1B4D /* mp3 */,
				0B60CE5D1BCCA5D600B26089 /* libMobClickLibrary.a */,
				0B60CE5E1BCCA5D600B26089 /* MobClick.h */,
				0B60CE4D1BCC1AB800B26089 /* Wechat */,
				0B60CE351BCC13C200B26089 /* TencentOpenAPI */,
				0B60CE0F1BCC134B00B26089 /* UMSocial_Sdk_4.2.5 */,
				E68962C81BC65B2E00548875 /* Tools */,
				E68962971BC613A300548875 /* AppDelegate.swift */,
				E6EBB36C1BD4EF6000E90C3B /*  addQuestionController.swift */,
				E68962991BC613A300548875 /* ViewController.swift */,
				E689629B1BC613A300548875 /* Main.storyboard */,
				E689629E1BC613A300548875 /* Assets.xcassets */,
				E68962A01BC613A300548875 /* LaunchScreen.storyboard */,
				E68962A31BC613A300548875 /* Info.plist */,
				E67E03E41BC6C46D002058DF /* contributionListController.swift */,
				E6E32BD61BC81EE9007D04C2 /* rankinglistController.swift */,
				0B60CE071BCC0ED700B26089 /* share.swift */,
				0B60CE091BCC11B200B26089 /* mcwa-Bridging-Header.h */,
				0B60CE0D1BCC127F00B26089 /* McUtils.swift */,
				0B60CE551BCC1D5400B26089 /* ShareUtil.swift */,
				E6CFE2FF1BCE56C300657F36 /* readyViewController.swift */,
				E6F8FC0D1BCEC113001ADE37 /* doWorkViewController.swift */,
				0B806ABE1BD76AF5006B280C /* LoginViewController.swift */,
				E68D4B6A1BD5EF4500FC8FDF /* sourceViewController.swift */,
				E68D4B6C1BD7486400FC8FDF /* rankinglistCell.swift */,
				E68D4B6E1BD7DCCF00FC8FDF /* contributionListCell.swift */,
				E6DFB3511BD7EA1500FBEAAC /* mineViewController.swift */,
			);
			path = mcwa;
			sourceTree = "<group>";
		};
		E68962AB1BC613A300548875 /* mcwaTests */ = {
			isa = PBXGroup;
			children = (
				E68962AC1BC613A300548875 /* mcwaTests.swift */,
				E68962AE1BC613A300548875 /* Info.plist */,
			);
			path = mcwaTests;
			sourceTree = "<group>";
		};
		E68962B61BC613A400548875 /* mcwaUITests */ = {
			isa = PBXGroup;
			children = (
				E68962B71BC613A400548875 /* mcwaUITests.swift */,
				E68962B91BC613A400548875 /* Info.plist */,
			);
			path = mcwaUITests;
			sourceTree = "<group>";
		};
		E68962C81BC65B2E00548875 /* Tools */ = {
			isa = PBXGroup;
			children = (
				E6597C6F1BE1FE6D00EE1B4D /* Player.swift */,
				E6EBB3681BD0A70100E90C3B /* SwiftyTimer.swift */,
				E6F8FCDB1BCF5F3E001ADE37 /* SwiftyJSON.swift */,
				E68962C91BC65B4300548875 /* SwiftColors.swift */,
				0B806AC01BD76F7F006B280C /* SwiftyUserDefaults.swift */,
			);
			path = Tools;
			sourceTree = "<group>";
		};
/* End PBXGroup section */

/* Begin PBXNativeTarget section */
		E68962931BC613A300548875 /* mcwa */ = {
			isa = PBXNativeTarget;
			buildConfigurationList = E68962BC1BC613A400548875 /* Build configuration list for PBXNativeTarget "mcwa" */;
			buildPhases = (
				985CF6D456160DBC647A64A7 /* Check Pods Manifest.lock */,
				E68962901BC613A300548875 /* Sources */,
				E68962911BC613A300548875 /* Frameworks */,
				E68962921BC613A300548875 /* Resources */,
				8C6B1055B4AB7D2CB4BEC6F7 /* Embed Pods Frameworks */,
				594F43C6304BA8B7613CA7FA /* Copy Pods Resources */,
			);
			buildRules = (
			);
			dependencies = (
			);
			name = mcwa;
			productName = mcwa;
			productReference = E68962941BC613A300548875 /* mcwa.app */;
			productType = "com.apple.product-type.application";
		};
		E68962A71BC613A300548875 /* mcwaTests */ = {
			isa = PBXNativeTarget;
			buildConfigurationList = E68962BF1BC613A400548875 /* Build configuration list for PBXNativeTarget "mcwaTests" */;
			buildPhases = (
				E68962A41BC613A300548875 /* Sources */,
				E68962A51BC613A300548875 /* Frameworks */,
				E68962A61BC613A300548875 /* Resources */,
			);
			buildRules = (
			);
			dependencies = (
				E68962AA1BC613A300548875 /* PBXTargetDependency */,
			);
			name = mcwaTests;
			productName = mcwaTests;
			productReference = E68962A81BC613A300548875 /* mcwaTests.xctest */;
			productType = "com.apple.product-type.bundle.unit-test";
		};
		E68962B21BC613A400548875 /* mcwaUITests */ = {
			isa = PBXNativeTarget;
			buildConfigurationList = E68962C21BC613A400548875 /* Build configuration list for PBXNativeTarget "mcwaUITests" */;
			buildPhases = (
				E68962AF1BC613A400548875 /* Sources */,
				E68962B01BC613A400548875 /* Frameworks */,
				E68962B11BC613A400548875 /* Resources */,
			);
			buildRules = (
			);
			dependencies = (
				E68962B51BC613A400548875 /* PBXTargetDependency */,
			);
			name = mcwaUITests;
			productName = mcwaUITests;
			productReference = E68962B31BC613A400548875 /* mcwaUITests.xctest */;
			productType = "com.apple.product-type.bundle.ui-testing";
		};
/* End PBXNativeTarget section */

/* Begin PBXProject section */
		E689628C1BC613A300548875 /* Project object */ = {
			isa = PBXProject;
			attributes = {
				LastSwiftUpdateCheck = 0700;
				LastUpgradeCheck = 0700;
				ORGANIZATIONNAME = XingfuQiu;
				TargetAttributes = {
					E68962931BC613A300548875 = {
						CreatedOnToolsVersion = 7.0.1;
						DevelopmentTeam = RPLF9PJ3L4;
					};
					E68962A71BC613A300548875 = {
						CreatedOnToolsVersion = 7.0.1;
						TestTargetID = E68962931BC613A300548875;
					};
					E68962B21BC613A400548875 = {
						CreatedOnToolsVersion = 7.0.1;
						TestTargetID = E68962931BC613A300548875;
					};
				};
			};
			buildConfigurationList = E689628F1BC613A300548875 /* Build configuration list for PBXProject "mcwa" */;
			compatibilityVersion = "Xcode 3.2";
			developmentRegion = English;
			hasScannedForEncodings = 0;
			knownRegions = (
				en,
				Base,
				"zh-Hans",
			);
			mainGroup = E689628B1BC613A300548875;
			productRefGroup = E68962951BC613A300548875 /* Products */;
			projectDirPath = "";
			projectRoot = "";
			targets = (
				E68962931BC613A300548875 /* mcwa */,
				E68962A71BC613A300548875 /* mcwaTests */,
				E68962B21BC613A400548875 /* mcwaUITests */,
			);
		};
/* End PBXProject section */

/* Begin PBXResourcesBuildPhase section */
		E68962921BC613A300548875 /* Resources */ = {
			isa = PBXResourcesBuildPhase;
			buildActionMask = 2147483647;
			files = (
				0B60CE2F1BCC134B00B26089 /* UMShareEditViewController.xib in Resources */,
				0B60CE2D1BCC134B00B26089 /* UMSCommentInputController.xib in Resources */,
				E68962A21BC613A300548875 /* LaunchScreen.storyboard in Resources */,
				0B60CE2C1BCC134B00B26089 /* UMSCommentDetailController.xib in Resources */,
				0B60CE3C1BCC13C200B26089 /* TencentOpenApi_IOS_Bundle.bundle in Resources */,
				0B60CE311BCC134B00B26089 /* UMSLoginViewController.xib in Resources */,
				0B60CE2E1BCC134B00B26089 /* UMSCommentInputControlleriPad.xib in Resources */,
				E6597C771BE1FEE800EE1B4D /* error.mp3 in Resources */,
				0B60CE301BCC134B00B26089 /* UMShareEditViewControlleriPad.xib in Resources */,
				E689629F1BC613A300548875 /* Assets.xcassets in Resources */,
				E6597C741BE1FEBD00EE1B4D /* background.mp3 in Resources */,
				0B60CE2A1BCC134B00B26089 /* UMSocialLocalizable.strings in Resources */,
				E689629D1BC613A300548875 /* Main.storyboard in Resources */,
				0B60CE321BCC134B00B26089 /* UMSnsAccountViewController.xib in Resources */,
				0B60CE331BCC134B00B26089 /* UMSShareListController.xib in Resources */,
				E6597C751BE1FEBD00EE1B4D /* right.mp3 in Resources */,
				0B60CE341BCC134B00B26089 /* UMSocialSDKResourcesNew.bundle in Resources */,
			);
			runOnlyForDeploymentPostprocessing = 0;
		};
		E68962A61BC613A300548875 /* Resources */ = {
			isa = PBXResourcesBuildPhase;
			buildActionMask = 2147483647;
			files = (
			);
			runOnlyForDeploymentPostprocessing = 0;
		};
		E68962B11BC613A400548875 /* Resources */ = {
			isa = PBXResourcesBuildPhase;
			buildActionMask = 2147483647;
			files = (
			);
			runOnlyForDeploymentPostprocessing = 0;
		};
/* End PBXResourcesBuildPhase section */

/* Begin PBXShellScriptBuildPhase section */
		594F43C6304BA8B7613CA7FA /* Copy Pods Resources */ = {
			isa = PBXShellScriptBuildPhase;
			buildActionMask = 2147483647;
			files = (
			);
			inputPaths = (
			);
			name = "Copy Pods Resources";
			outputPaths = (
			);
			runOnlyForDeploymentPostprocessing = 0;
			shellPath = /bin/sh;
			shellScript = "\"${SRCROOT}/Pods/Target Support Files/Pods/Pods-resources.sh\"\n";
			showEnvVarsInLog = 0;
		};
		8C6B1055B4AB7D2CB4BEC6F7 /* Embed Pods Frameworks */ = {
			isa = PBXShellScriptBuildPhase;
			buildActionMask = 2147483647;
			files = (
			);
			inputPaths = (
			);
			name = "Embed Pods Frameworks";
			outputPaths = (
			);
			runOnlyForDeploymentPostprocessing = 0;
			shellPath = /bin/sh;
			shellScript = "\"${SRCROOT}/Pods/Target Support Files/Pods/Pods-frameworks.sh\"\n";
			showEnvVarsInLog = 0;
		};
		985CF6D456160DBC647A64A7 /* Check Pods Manifest.lock */ = {
			isa = PBXShellScriptBuildPhase;
			buildActionMask = 2147483647;
			files = (
			);
			inputPaths = (
			);
			name = "Check Pods Manifest.lock";
			outputPaths = (
			);
			runOnlyForDeploymentPostprocessing = 0;
			shellPath = /bin/sh;
			shellScript = "diff \"${PODS_ROOT}/../Podfile.lock\" \"${PODS_ROOT}/Manifest.lock\" > /dev/null\nif [[ $? != 0 ]] ; then\n    cat << EOM\nerror: The sandbox is not in sync with the Podfile.lock. Run 'pod install' or update your CocoaPods installation.\nEOM\n    exit 1\nfi\n";
			showEnvVarsInLog = 0;
		};
/* End PBXShellScriptBuildPhase section */

/* Begin PBXSourcesBuildPhase section */
		E68962901BC613A300548875 /* Sources */ = {
			isa = PBXSourcesBuildPhase;
			buildActionMask = 2147483647;
			files = (
				0B806ABF1BD76AF5006B280C /* LoginViewController.swift in Sources */,
				E68D4B6D1BD7486400FC8FDF /* rankinglistCell.swift in Sources */,
				E6DFB3521BD7EA1500FBEAAC /* mineViewController.swift in Sources */,
				E6F8FC0E1BCEC113001ADE37 /* doWorkViewController.swift in Sources */,
				E689629A1BC613A300548875 /* ViewController.swift in Sources */,
				0B60CE081BCC0ED700B26089 /* share.swift in Sources */,
				E6EBB36D1BD4EF6000E90C3B /*  addQuestionController.swift in Sources */,
				0B806AC11BD76F7F006B280C /* SwiftyUserDefaults.swift in Sources */,
				E6597C701BE1FE6D00EE1B4D /* Player.swift in Sources */,
				E68D4B6F1BD7DCCF00FC8FDF /* contributionListCell.swift in Sources */,
				E6EBB3691BD0A70100E90C3B /* SwiftyTimer.swift in Sources */,
				E6F8FCDC1BCF5F3E001ADE37 /* SwiftyJSON.swift in Sources */,
				E68962981BC613A300548875 /* AppDelegate.swift in Sources */,
				E6CFE3001BCE56C300657F36 /* readyViewController.swift in Sources */,
				E67E03E51BC6C46D002058DF /* contributionListController.swift in Sources */,
				E68D4B6B1BD5EF4500FC8FDF /* sourceViewController.swift in Sources */,
				E68962CA1BC65B4300548875 /* SwiftColors.swift in Sources */,
				0B60CE0E1BCC127F00B26089 /* McUtils.swift in Sources */,
				E6E32BD71BC81EE9007D04C2 /* rankinglistController.swift in Sources */,
				0B60CE561BCC1D5400B26089 /* ShareUtil.swift in Sources */,
			);
			runOnlyForDeploymentPostprocessing = 0;
		};
		E68962A41BC613A300548875 /* Sources */ = {
			isa = PBXSourcesBuildPhase;
			buildActionMask = 2147483647;
			files = (
				E68962AD1BC613A300548875 /* mcwaTests.swift in Sources */,
			);
			runOnlyForDeploymentPostprocessing = 0;
		};
		E68962AF1BC613A400548875 /* Sources */ = {
			isa = PBXSourcesBuildPhase;
			buildActionMask = 2147483647;
			files = (
				E68962B81BC613A400548875 /* mcwaUITests.swift in Sources */,
			);
			runOnlyForDeploymentPostprocessing = 0;
		};
/* End PBXSourcesBuildPhase section */

/* Begin PBXTargetDependency section */
		E68962AA1BC613A300548875 /* PBXTargetDependency */ = {
			isa = PBXTargetDependency;
			target = E68962931BC613A300548875 /* mcwa */;
			targetProxy = E68962A91BC613A300548875 /* PBXContainerItemProxy */;
		};
		E68962B51BC613A400548875 /* PBXTargetDependency */ = {
			isa = PBXTargetDependency;
			target = E68962931BC613A300548875 /* mcwa */;
			targetProxy = E68962B41BC613A400548875 /* PBXContainerItemProxy */;
		};
/* End PBXTargetDependency section */

/* Begin PBXVariantGroup section */
		0B60CE101BCC134B00B26089 /* UMSocialLocalizable.strings */ = {
			isa = PBXVariantGroup;
			children = (
				0B60CE111BCC134B00B26089 /* en */,
				0B60CE291BCC134B00B26089 /* zh-Hans */,
			);
			name = UMSocialLocalizable.strings;
			sourceTree = "<group>";
		};
		E689629B1BC613A300548875 /* Main.storyboard */ = {
			isa = PBXVariantGroup;
			children = (
				E689629C1BC613A300548875 /* Base */,
			);
			name = Main.storyboard;
			sourceTree = "<group>";
		};
		E68962A01BC613A300548875 /* LaunchScreen.storyboard */ = {
			isa = PBXVariantGroup;
			children = (
				E68962A11BC613A300548875 /* Base */,
			);
			name = LaunchScreen.storyboard;
			sourceTree = "<group>";
		};
/* End PBXVariantGroup section */

/* Begin XCBuildConfiguration section */
		E68962BA1BC613A400548875 /* Debug */ = {
			isa = XCBuildConfiguration;
			buildSettings = {
				ALWAYS_SEARCH_USER_PATHS = NO;
				CLANG_CXX_LANGUAGE_STANDARD = "gnu++0x";
				CLANG_CXX_LIBRARY = "libc++";
				CLANG_ENABLE_MODULES = YES;
				CLANG_ENABLE_OBJC_ARC = YES;
				CLANG_WARN_BOOL_CONVERSION = YES;
				CLANG_WARN_CONSTANT_CONVERSION = YES;
				CLANG_WARN_DIRECT_OBJC_ISA_USAGE = YES_ERROR;
				CLANG_WARN_EMPTY_BODY = YES;
				CLANG_WARN_ENUM_CONVERSION = YES;
				CLANG_WARN_INT_CONVERSION = YES;
				CLANG_WARN_OBJC_ROOT_CLASS = YES_ERROR;
				CLANG_WARN_UNREACHABLE_CODE = YES;
				CLANG_WARN__DUPLICATE_METHOD_MATCH = YES;
				"CODE_SIGN_IDENTITY[sdk=iphoneos*]" = "iPhone Developer";
				COPY_PHASE_STRIP = NO;
				DEBUG_INFORMATION_FORMAT = dwarf;
				ENABLE_STRICT_OBJC_MSGSEND = YES;
				ENABLE_TESTABILITY = YES;
				GCC_C_LANGUAGE_STANDARD = gnu99;
				GCC_DYNAMIC_NO_PIC = NO;
				GCC_NO_COMMON_BLOCKS = YES;
				GCC_OPTIMIZATION_LEVEL = 0;
				GCC_PREPROCESSOR_DEFINITIONS = (
					"DEBUG=1",
					"$(inherited)",
				);
				GCC_WARN_64_TO_32_BIT_CONVERSION = YES;
				GCC_WARN_ABOUT_RETURN_TYPE = YES_ERROR;
				GCC_WARN_UNDECLARED_SELECTOR = YES;
				GCC_WARN_UNINITIALIZED_AUTOS = YES_AGGRESSIVE;
				GCC_WARN_UNUSED_FUNCTION = YES;
				GCC_WARN_UNUSED_VARIABLE = YES;
				IPHONEOS_DEPLOYMENT_TARGET = 9.0;
				MTL_ENABLE_DEBUG_INFO = YES;
				ONLY_ACTIVE_ARCH = YES;
				SDKROOT = iphoneos;
				SWIFT_OPTIMIZATION_LEVEL = "-Onone";
				TARGETED_DEVICE_FAMILY = "1,2";
			};
			name = Debug;
		};
		E68962BB1BC613A400548875 /* Release */ = {
			isa = XCBuildConfiguration;
			buildSettings = {
				ALWAYS_SEARCH_USER_PATHS = NO;
				CLANG_CXX_LANGUAGE_STANDARD = "gnu++0x";
				CLANG_CXX_LIBRARY = "libc++";
				CLANG_ENABLE_MODULES = YES;
				CLANG_ENABLE_OBJC_ARC = YES;
				CLANG_WARN_BOOL_CONVERSION = YES;
				CLANG_WARN_CONSTANT_CONVERSION = YES;
				CLANG_WARN_DIRECT_OBJC_ISA_USAGE = YES_ERROR;
				CLANG_WARN_EMPTY_BODY = YES;
				CLANG_WARN_ENUM_CONVERSION = YES;
				CLANG_WARN_INT_CONVERSION = YES;
				CLANG_WARN_OBJC_ROOT_CLASS = YES_ERROR;
				CLANG_WARN_UNREACHABLE_CODE = YES;
				CLANG_WARN__DUPLICATE_METHOD_MATCH = YES;
				"CODE_SIGN_IDENTITY[sdk=iphoneos*]" = "iPhone Developer";
				COPY_PHASE_STRIP = NO;
				DEBUG_INFORMATION_FORMAT = "dwarf-with-dsym";
				ENABLE_NS_ASSERTIONS = NO;
				ENABLE_STRICT_OBJC_MSGSEND = YES;
				GCC_C_LANGUAGE_STANDARD = gnu99;
				GCC_NO_COMMON_BLOCKS = YES;
				GCC_WARN_64_TO_32_BIT_CONVERSION = YES;
				GCC_WARN_ABOUT_RETURN_TYPE = YES_ERROR;
				GCC_WARN_UNDECLARED_SELECTOR = YES;
				GCC_WARN_UNINITIALIZED_AUTOS = YES_AGGRESSIVE;
				GCC_WARN_UNUSED_FUNCTION = YES;
				GCC_WARN_UNUSED_VARIABLE = YES;
				IPHONEOS_DEPLOYMENT_TARGET = 9.0;
				MTL_ENABLE_DEBUG_INFO = NO;
				SDKROOT = iphoneos;
				TARGETED_DEVICE_FAMILY = "1,2";
				VALIDATE_PRODUCT = YES;
			};
			name = Release;
		};
		E68962BD1BC613A400548875 /* Debug */ = {
			isa = XCBuildConfiguration;
			baseConfigurationReference = 2D80F592DCAE4E563E5BC4FB /* Pods.debug.xcconfig */;
			buildSettings = {
				ARCHS = "$(ARCHS_STANDARD)";
				ASSETCATALOG_COMPILER_APPICON_NAME = AppIcon;
				CLANG_ENABLE_MODULES = YES;
				CODE_SIGN_IDENTITY = "iPhone Developer";
				ENABLE_BITCODE = NO;
				FRAMEWORK_SEARCH_PATHS = (
					"$(inherited)",
					"$(PROJECT_DIR)/mcwa/TencentOpenAPI",
				);
				INFOPLIST_FILE = mcwa/Info.plist;
				IPHONEOS_DEPLOYMENT_TARGET = 7.1;
				LD_RUNPATH_SEARCH_PATHS = "$(inherited) @executable_path/Frameworks";
				LIBRARY_SEARCH_PATHS = (
					"$(inherited)",
					"$(PROJECT_DIR)/mcwa/UMSocial_Sdk_4.2.5",
					"$(PROJECT_DIR)/mcwa/TencentOpenAPI",
					"$(PROJECT_DIR)/mcwa/Wechat",
					"$(PROJECT_DIR)/mcwa",
				);
				OTHER_LDFLAGS = (
					"$(inherited)",
					"-ObjC",
				);
				PRODUCT_BUNDLE_IDENTIFIER = com.tars.mcwa;
				PRODUCT_NAME = "$(TARGET_NAME)";
				SWIFT_OBJC_BRIDGING_HEADER = "mcwa/mcwa-Bridging-Header.h";
				SWIFT_OPTIMIZATION_LEVEL = "-Onone";
				TARGETED_DEVICE_FAMILY = 1;
				VALID_ARCHS = "arm64 armv7 armv7s";
			};
			name = Debug;
		};
		E68962BE1BC613A400548875 /* Release */ = {
			isa = XCBuildConfiguration;
			baseConfigurationReference = E0FCB9F095E671DDC8FF847C /* Pods.release.xcconfig */;
			buildSettings = {
				ARCHS = "$(ARCHS_STANDARD)";
				ASSETCATALOG_COMPILER_APPICON_NAME = AppIcon;
				CLANG_ENABLE_MODULES = YES;
				CODE_SIGN_IDENTITY = "iPhone Developer";
				ENABLE_BITCODE = NO;
				FRAMEWORK_SEARCH_PATHS = (
					"$(inherited)",
					"$(PROJECT_DIR)/mcwa/TencentOpenAPI",
				);
				INFOPLIST_FILE = mcwa/Info.plist;
				IPHONEOS_DEPLOYMENT_TARGET = 7.1;
				LD_RUNPATH_SEARCH_PATHS = "$(inherited) @executable_path/Frameworks";
				LIBRARY_SEARCH_PATHS = (
					"$(inherited)",
					"$(PROJECT_DIR)/mcwa/UMSocial_Sdk_4.2.5",
					"$(PROJECT_DIR)/mcwa/TencentOpenAPI",
					"$(PROJECT_DIR)/mcwa/Wechat",
					"$(PROJECT_DIR)/mcwa",
				);
				OTHER_LDFLAGS = (
					"$(inherited)",
					"-ObjC",
				);
				PRODUCT_BUNDLE_IDENTIFIER = com.tars.mcwa;
				PRODUCT_NAME = "$(TARGET_NAME)";
				SWIFT_OBJC_BRIDGING_HEADER = "mcwa/mcwa-Bridging-Header.h";
				TARGETED_DEVICE_FAMILY = 1;
				VALID_ARCHS = "arm64 armv7 armv7s";
			};
			name = Release;
		};
		E68962C01BC613A400548875 /* Debug */ = {
			isa = XCBuildConfiguration;
			buildSettings = {
				BUNDLE_LOADER = "$(TEST_HOST)";
				INFOPLIST_FILE = mcwaTests/Info.plist;
				LD_RUNPATH_SEARCH_PATHS = "$(inherited) @executable_path/Frameworks @loader_path/Frameworks";
				PRODUCT_BUNDLE_IDENTIFIER = com.tars.mcwaTests;
				PRODUCT_NAME = "$(TARGET_NAME)";
				TEST_HOST = "$(BUILT_PRODUCTS_DIR)/mcwa.app/mcwa";
			};
			name = Debug;
		};
		E68962C11BC613A400548875 /* Release */ = {
			isa = XCBuildConfiguration;
			buildSettings = {
				BUNDLE_LOADER = "$(TEST_HOST)";
				INFOPLIST_FILE = mcwaTests/Info.plist;
				LD_RUNPATH_SEARCH_PATHS = "$(inherited) @executable_path/Frameworks @loader_path/Frameworks";
				PRODUCT_BUNDLE_IDENTIFIER = com.tars.mcwaTests;
				PRODUCT_NAME = "$(TARGET_NAME)";
				TEST_HOST = "$(BUILT_PRODUCTS_DIR)/mcwa.app/mcwa";
			};
			name = Release;
		};
		E68962C31BC613A400548875 /* Debug */ = {
			isa = XCBuildConfiguration;
			buildSettings = {
				INFOPLIST_FILE = mcwaUITests/Info.plist;
				LD_RUNPATH_SEARCH_PATHS = "$(inherited) @executable_path/Frameworks @loader_path/Frameworks";
				PRODUCT_BUNDLE_IDENTIFIER = com.tars.mcwaUITests;
				PRODUCT_NAME = "$(TARGET_NAME)";
				TEST_TARGET_NAME = mcwa;
				USES_XCTRUNNER = YES;
			};
			name = Debug;
		};
		E68962C41BC613A400548875 /* Release */ = {
			isa = XCBuildConfiguration;
			buildSettings = {
				INFOPLIST_FILE = mcwaUITests/Info.plist;
				LD_RUNPATH_SEARCH_PATHS = "$(inherited) @executable_path/Frameworks @loader_path/Frameworks";
				PRODUCT_BUNDLE_IDENTIFIER = com.tars.mcwaUITests;
				PRODUCT_NAME = "$(TARGET_NAME)";
				TEST_TARGET_NAME = mcwa;
				USES_XCTRUNNER = YES;
			};
			name = Release;
		};
/* End XCBuildConfiguration section */

/* Begin XCConfigurationList section */
		E689628F1BC613A300548875 /* Build configuration list for PBXProject "mcwa" */ = {
			isa = XCConfigurationList;
			buildConfigurations = (
				E68962BA1BC613A400548875 /* Debug */,
				E68962BB1BC613A400548875 /* Release */,
			);
			defaultConfigurationIsVisible = 0;
			defaultConfigurationName = Release;
		};
		E68962BC1BC613A400548875 /* Build configuration list for PBXNativeTarget "mcwa" */ = {
			isa = XCConfigurationList;
			buildConfigurations = (
				E68962BD1BC613A400548875 /* Debug */,
				E68962BE1BC613A400548875 /* Release */,
			);
			defaultConfigurationIsVisible = 0;
			defaultConfigurationName = Release;
		};
		E68962BF1BC613A400548875 /* Build configuration list for PBXNativeTarget "mcwaTests" */ = {
			isa = XCConfigurationList;
			buildConfigurations = (
				E68962C01BC613A400548875 /* Debug */,
				E68962C11BC613A400548875 /* Release */,
			);
			defaultConfigurationIsVisible = 0;
			defaultConfigurationName = Release;
		};
		E68962C21BC613A400548875 /* Build configuration list for PBXNativeTarget "mcwaUITests" */ = {
			isa = XCConfigurationList;
			buildConfigurations = (
				E68962C31BC613A400548875 /* Debug */,
				E68962C41BC613A400548875 /* Release */,
			);
			defaultConfigurationIsVisible = 0;
			defaultConfigurationName = Release;
		};
/* End XCConfigurationList section */
	};
	rootObject = E689628C1BC613A300548875 /* Project object */;
}
